
Microsoft Visual Studio Solution File, Format Version 12.00
# Visual Studio 15
VisualStudioVersion = 15.0.27130.2036
MinimumVisualStudioVersion = 10.0.40219.1
Project("{2150E333-8FDC-42A3-9474-1A3956D46DE8}") = "samples", "samples", "{C9CE124C-7B94-4C57-8ACF-1B4D1820886D}"
EndProject
Project("{9092AA53-FB77-4645-B42D-1CCCA6BD08BD}") = "modules", "modules\modules.njsproj", "{3D037569-9030-4313-8A23-F3A932BCAEB5}"
EndProject
Project("{9A19103F-16F7-4668-BE54-9A1E7A4F7556}") = "ng-logging-aspnetcore-sample", "samples\ng-logging-aspnetcore-sample\ng-logging-aspnetcore-sample.csproj", "{4DA54617-DD1C-4F48-A53E-4A0C0848DF16}"
EndProject
Project("{2150E333-8FDC-42A3-9474-1A3956D46DE8}") = "Solution Items", "Solution Items", "{61928C96-1B05-4E80-8578-49D13A3112D4}"
	ProjectSection(SolutionItems) = preProject
		.appveyor.yml = .appveyor.yml
		.editorconfig = .editorconfig
		.eslintignore = .eslintignore
		.gitattributes = .gitattributes
		.gitignore = .gitignore
		.travis.yml = .travis.yml
		angular-build.json = angular-build.json
		LICENSE = LICENSE
		package.json = package.json
		tsconfig.json = tsconfig.json
		tslint.json = tslint.json
	EndProjectSection
EndProject
Global
	GlobalSection(SolutionConfigurationPlatforms) = preSolution
		Debug|Any CPU = Debug|Any CPU
		Release|Any CPU = Release|Any CPU
	EndGlobalSection
	GlobalSection(ProjectConfigurationPlatforms) = postSolution
		{3D037569-9030-4313-8A23-F3A932BCAEB5}.Debug|Any CPU.ActiveCfg = Debug|Any CPU
		{3D037569-9030-4313-8A23-F3A932BCAEB5}.Debug|Any CPU.Build.0 = Debug|Any CPU
		{3D037569-9030-4313-8A23-F3A932BCAEB5}.Release|Any CPU.ActiveCfg = Release|Any CPU
		{3D037569-9030-4313-8A23-F3A932BCAEB5}.Release|Any CPU.Build.0 = Release|Any CPU
		{4DA54617-DD1C-4F48-A53E-4A0C0848DF16}.Debug|Any CPU.ActiveCfg = Debug|Any CPU
		{4DA54617-DD1C-4F48-A53E-4A0C0848DF16}.Debug|Any CPU.Build.0 = Debug|Any CPU
		{4DA54617-DD1C-4F48-A53E-4A0C0848DF16}.Release|Any CPU.ActiveCfg = Release|Any CPU
		{4DA54617-DD1C-4F48-A53E-4A0C0848DF16}.Release|Any CPU.Build.0 = Release|Any CPU
	EndGlobalSection
	GlobalSection(SolutionProperties) = preSolution
		HideSolutionNode = FALSE
	EndGlobalSection
	GlobalSection(NestedProjects) = preSolution
		{4DA54617-DD1C-4F48-A53E-4A0C0848DF16} = {C9CE124C-7B94-4C57-8ACF-1B4D1820886D}
	EndGlobalSection
	GlobalSection(ExtensibilityGlobals) = postSolution
		SolutionGuid = {FD5E2254-706E-4C9B-A3C2-0C2A74D82970}
	EndGlobalSection
EndGlobal
